
Microsoft Visual Studio Solution File, Format Version 12.00
Project("{FAE04EC0-301F-11D3-BF4B-00C04F79EFBC}") = "Common", "Common\Common.csproj", "{5450AA71-CE18-47F8-B132-8AFCC959ECA6}"
EndProject
Project("{FAE04EC0-301F-11D3-BF4B-00C04F79EFBC}") = "Task2", "Task2\Task2.csproj", "{F1399473-C309-4E05-BBFB-3850ED0D4113}"
EndProject
Project("{FAE04EC0-301F-11D3-BF4B-00C04F79EFBC}") = "Task6", "Task6\Task6.csproj", "{AE5A4785-CF42-487E-9970-2D0E8E715AF8}"
EndProject
Project("{FAE04EC0-301F-11D3-BF4B-00C04F79EFBC}") = "Task7", "Task7\Task7.csproj", "{53CA4BE4-E363-4F09-A61E-364580C6E3B4}"
EndProject
Project("{FAE04EC0-301F-11D3-BF4B-00C04F79EFBC}") = "TexTest", "TexTest\TexTest.csproj", "{FBE30867-DDCB-4A41-B38A-AB57528CCC28}"
EndProject
Global
	GlobalSection(SolutionConfigurationPlatforms) = preSolution
		Debug|Any CPU = Debug|Any CPU
		Release|Any CPU = Release|Any CPU
	EndGlobalSection
	GlobalSection(ProjectConfigurationPlatforms) = postSolution
		{5450AA71-CE18-47F8-B132-8AFCC959ECA6}.Debug|Any CPU.ActiveCfg = Debug|Any CPU
		{5450AA71-CE18-47F8-B132-8AFCC959ECA6}.Debug|Any CPU.Build.0 = Debug|Any CPU
		{5450AA71-CE18-47F8-B132-8AFCC959ECA6}.Release|Any CPU.ActiveCfg = Release|Any CPU
		{5450AA71-CE18-47F8-B132-8AFCC959ECA6}.Release|Any CPU.Build.0 = Release|Any CPU
		{F1399473-C309-4E05-BBFB-3850ED0D4113}.Debug|Any CPU.ActiveCfg = Debug|Any CPU
		{F1399473-C309-4E05-BBFB-3850ED0D4113}.Debug|Any CPU.Build.0 = Debug|Any CPU
		{F1399473-C309-4E05-BBFB-3850ED0D4113}.Release|Any CPU.ActiveCfg = Release|Any CPU
		{F1399473-C309-4E05-BBFB-3850ED0D4113}.Release|Any CPU.Build.0 = Release|Any CPU
		{AE5A4785-CF42-487E-9970-2D0E8E715AF8}.Debug|Any CPU.ActiveCfg = Debug|Any CPU
		{AE5A4785-CF42-487E-9970-2D0E8E715AF8}.Debug|Any CPU.Build.0 = Debug|Any CPU
		{AE5A4785-CF42-487E-9970-2D0E8E715AF8}.Release|Any CPU.ActiveCfg = Release|Any CPU
		{AE5A4785-CF42-487E-9970-2D0E8E715AF8}.Release|Any CPU.Build.0 = Release|Any CPU
		{53CA4BE4-E363-4F09-A61E-364580C6E3B4}.Debug|Any CPU.ActiveCfg = Debug|Any CPU
		{53CA4BE4-E363-4F09-A61E-364580C6E3B4}.Debug|Any CPU.Build.0 = Debug|Any CPU
		{53CA4BE4-E363-4F09-A61E-364580C6E3B4}.Release|Any CPU.ActiveCfg = Release|Any CPU
		{53CA4BE4-E363-4F09-A61E-364580C6E3B4}.Release|Any CPU.Build.0 = Release|Any CPU
		{FBE30867-DDCB-4A41-B38A-AB57528CCC28}.Debug|Any CPU.ActiveCfg = Debug|Any CPU
		{FBE30867-DDCB-4A41-B38A-AB57528CCC28}.Debug|Any CPU.Build.0 = Debug|Any CPU
		{FBE30867-DDCB-4A41-B38A-AB57528CCC28}.Release|Any CPU.ActiveCfg = Release|Any CPU
		{FBE30867-DDCB-4A41-B38A-AB57528CCC28}.Release|Any CPU.Build.0 = Release|Any CPU
	EndGlobalSection
EndGlobal
